// !$*UTF8*$!
{
	archiveVersion = 1;
	classes = {
	};
	objectVersion = 56;
	objects = {

/* Begin PBXBuildFile section */
		F222D1782C3E923E00079C3C /* AssignmentApp.swift in Sources */ = {isa = PBXBuildFile; fileRef = F222D1772C3E923E00079C3C /* AssignmentApp.swift */; };
		F222D17A2C3E923E00079C3C /* ContentView.swift in Sources */ = {isa = PBXBuildFile; fileRef = F222D1792C3E923E00079C3C /* ContentView.swift */; };
		F222D17C2C3E924600079C3C /* Assets.xcassets in Resources */ = {isa = PBXBuildFile; fileRef = F222D17B2C3E924600079C3C /* Assets.xcassets */; };
		F222D17F2C3E924600079C3C /* Preview Assets.xcassets in Resources */ = {isa = PBXBuildFile; fileRef = F222D17E2C3E924600079C3C /* Preview Assets.xcassets */; };
		F222D1872C3E9D6600079C3C /* SignupView.swift in Sources */ = {isa = PBXBuildFile; fileRef = F222D1862C3E9D6600079C3C /* SignupView.swift */; };
		F222D18A2C3EA54600079C3C /* SignupStore.swift in Sources */ = {isa = PBXBuildFile; fileRef = F222D1892C3EA54600079C3C /* SignupStore.swift */; };
		F222D18E2C3EB0E900079C3C /* LoginView.swift in Sources */ = {isa = PBXBuildFile; fileRef = F222D18D2C3EB0E900079C3C /* LoginView.swift */; };
		F222D1902C3EBAC000079C3C /* CountryModel.swift in Sources */ = {isa = PBXBuildFile; fileRef = F222D18F2C3EBAC000079C3C /* CountryModel.swift */; };
		F2D5995D2C3FB6A60052A21D /* IPModel.swift in Sources */ = {isa = PBXBuildFile; fileRef = F2D5995C2C3FB6A60052A21D /* IPModel.swift */; };
		F2D5995F2C3FF8830052A21D /* HomeView.swift in Sources */ = {isa = PBXBuildFile; fileRef = F2D5995E2C3FF8830052A21D /* HomeView.swift */; };
/* End PBXBuildFile section */

/* Begin PBXFileReference section */
		F222D1742C3E923E00079C3C /* Assignment.app */ = {isa = PBXFileReference; explicitFileType = wrapper.application; includeInIndex = 0; path = Assignment.app; sourceTree = BUILT_PRODUCTS_DIR; };
		F222D1772C3E923E00079C3C /* AssignmentApp.swift */ = {isa = PBXFileReference; lastKnownFileType = sourcecode.swift; path = AssignmentApp.swift; sourceTree = "<group>"; };
		F222D1792C3E923E00079C3C /* ContentView.swift */ = {isa = PBXFileReference; lastKnownFileType = sourcecode.swift; path = ContentView.swift; sourceTree = "<group>"; };
		F222D17B2C3E924600079C3C /* Assets.xcassets */ = {isa = PBXFileReference; lastKnownFileType = folder.assetcatalog; path = Assets.xcassets; sourceTree = "<group>"; };
		F222D17E2C3E924600079C3C /* Preview Assets.xcassets */ = {isa = PBXFileReference; lastKnownFileType = folder.assetcatalog; path = "Preview Assets.xcassets"; sourceTree = "<group>"; };
		F222D1862C3E9D6600079C3C /* SignupView.swift */ = {isa = PBXFileReference; lastKnownFileType = sourcecode.swift; path = SignupView.swift; sourceTree = "<group>"; };
		F222D1892C3EA54600079C3C /* SignupStore.swift */ = {isa = PBXFileReference; lastKnownFileType = sourcecode.swift; path = SignupStore.swift; sourceTree = "<group>"; };
		F222D18D2C3EB0E900079C3C /* LoginView.swift */ = {isa = PBXFileReference; lastKnownFileType = sourcecode.swift; path = LoginView.swift; sourceTree = "<group>"; };
		F222D18F2C3EBAC000079C3C /* CountryModel.swift */ = {isa = PBXFileReference; lastKnownFileType = sourcecode.swift; path = CountryModel.swift; sourceTree = "<group>"; };
		F2D5995C2C3FB6A60052A21D /* IPModel.swift */ = {isa = PBXFileReference; lastKnownFileType = sourcecode.swift; path = IPModel.swift; sourceTree = "<group>"; };
		F2D5995E2C3FF8830052A21D /* HomeView.swift */ = {isa = PBXFileReference; lastKnownFileType = sourcecode.swift; path = HomeView.swift; sourceTree = "<group>"; };
/* End PBXFileReference section */

/* Begin PBXFrameworksBuildPhase section */
		F222D1712C3E923E00079C3C /* Frameworks */ = {
			isa = PBXFrameworksBuildPhase;
			buildActionMask = 2147483647;
			files = (
			);
			runOnlyForDeploymentPostprocessing = 0;
		};
/* End PBXFrameworksBuildPhase section */

/* Begin PBXGroup section */
		F222D16B2C3E923E00079C3C = {
			isa = PBXGroup;
			children = (
				F222D1762C3E923E00079C3C /* Assignment */,
				F222D1752C3E923E00079C3C /* Products */,
			);
			sourceTree = "<group>";
		};
		F222D1752C3E923E00079C3C /* Products */ = {
			isa = PBXGroup;
			children = (
				F222D1742C3E923E00079C3C /* Assignment.app */,
			);
			name = Products;
			sourceTree = "<group>";
		};
		F222D1762C3E923E00079C3C /* Assignment */ = {
			isa = PBXGroup;
			children = (
				F2D5995B2C3FB3EA0052A21D /* Model */,
				F222D1882C3EA4BE00079C3C /* Stores */,
				F222D1852C3E9CD300079C3C /* Views */,
				F222D1772C3E923E00079C3C /* AssignmentApp.swift */,
				F222D17B2C3E924600079C3C /* Assets.xcassets */,
				F222D17D2C3E924600079C3C /* Preview Content */,
			);
			path = Assignment;
			sourceTree = "<group>";
		};
		F222D17D2C3E924600079C3C /* Preview Content */ = {
			isa = PBXGroup;
			children = (
				F222D17E2C3E924600079C3C /* Preview Assets.xcassets */,
			);
			path = "Preview Content";
			sourceTree = "<group>";
		};
		F222D1852C3E9CD300079C3C /* Views */ = {
			isa = PBXGroup;
			children = (
				F222D1792C3E923E00079C3C /* ContentView.swift */,
				F222D1862C3E9D6600079C3C /* SignupView.swift */,
				F222D18D2C3EB0E900079C3C /* LoginView.swift */,
				F2D5995E2C3FF8830052A21D /* HomeView.swift */,
			);
			path = Views;
			sourceTree = "<group>";
		};
		F222D1882C3EA4BE00079C3C /* Stores */ = {
			isa = PBXGroup;
			children = (
				F222D1892C3EA54600079C3C /* SignupStore.swift */,
			);
			path = Stores;
			sourceTree = "<group>";
		};
		F2D5995B2C3FB3EA0052A21D /* Model */ = {
			isa = PBXGroup;
			children = (
				F222D18F2C3EBAC000079C3C /* CountryModel.swift */,
				F2D5995C2C3FB6A60052A21D /* IPModel.swift */,
			);
			path = Model;
			sourceTree = "<group>";
		};
/* End PBXGroup section */

/* Begin PBXNativeTarget section */
		F222D1732C3E923E00079C3C /* Assignment */ = {
			isa = PBXNativeTarget;
			buildConfigurationList = F222D1822C3E924600079C3C /* Build configuration list for PBXNativeTarget "Assignment" */;
			buildPhases = (
				F222D1702C3E923E00079C3C /* Sources */,
				F222D1712C3E923E00079C3C /* Frameworks */,
				F222D1722C3E923E00079C3C /* Resources */,
			);
			buildRules = (
			);
			dependencies = (
			);
			name = Assignment;
			productName = Assignment;
			productReference = F222D1742C3E923E00079C3C /* Assignment.app */;
			productType = "com.apple.product-type.application";
		};
/* End PBXNativeTarget section */

/* Begin PBXProject section */
		F222D16C2C3E923E00079C3C /* Project object */ = {
			isa = PBXProject;
			attributes = {
				BuildIndependentTargetsInParallel = 1;
				LastSwiftUpdateCheck = 1530;
				LastUpgradeCheck = 1530;
				TargetAttributes = {
					F222D1732C3E923E00079C3C = {
						CreatedOnToolsVersion = 15.3;
					};
				};
			};
			buildConfigurationList = F222D16F2C3E923E00079C3C /* Build configuration list for PBXProject "Assignment" */;
			compatibilityVersion = "Xcode 14.0";
			developmentRegion = en;
			hasScannedForEncodings = 0;
			knownRegions = (
				en,
				Base,
			);
			mainGroup = F222D16B2C3E923E00079C3C;
			productRefGroup = F222D1752C3E923E00079C3C /* Products */;
			projectDirPath = "";
			projectRoot = "";
			targets = (
				F222D1732C3E923E00079C3C /* Assignment */,
			);
		};
/* End PBXProject section */

/* Begin PBXResourcesBuildPhase section */
		F222D1722C3E923E00079C3C /* Resources */ = {
			isa = PBXResourcesBuildPhase;
			buildActionMask = 2147483647;
			files = (
				F222D17F2C3E924600079C3C /* Preview Assets.xcassets in Resources */,
				F222D17C2C3E924600079C3C /* Assets.xcassets in Resources */,
			);
			runOnlyForDeploymentPostprocessing = 0;
		};
/* End PBXResourcesBuildPhase section */

/* Begin PBXSourcesBuildPhase section */
		F222D1702C3E923E00079C3C /* Sources */ = {
			isa = PBXSourcesBuildPhase;
			buildActionMask = 2147483647;
			files = (
				F222D1872C3E9D6600079C3C /* SignupView.swift in Sources */,
				F2D5995D2C3FB6A60052A21D /* IPModel.swift in Sources */,
				F222D17A2C3E923E00079C3C /* ContentView.swift in Sources */,
				F222D1902C3EBAC000079C3C /* CountryModel.swift in Sources */,
				F222D1782C3E923E00079C3C /* AssignmentApp.swift in Sources */,
				F2D5995F2C3FF8830052A21D /* HomeView.swift in Sources */,
				F222D18E2C3EB0E900079C3C /* LoginView.swift in Sources */,
				F222D18A2C3EA54600079C3C /* SignupStore.swift in Sources */,
			);
			runOnlyForDeploymentPostprocessing = 0;
		};
/* End PBXSourcesBuildPhase section */

/* Begin XCBuildConfiguration section */
		F222D1802C3E924600079C3C /* Debug */ = {
			isa = XCBuildConfiguration;
			buildSettings = {
				ALWAYS_SEARCH_USER_PATHS = NO;
				ASSETCATALOG_COMPILER_GENERATE_SWIFT_ASSET_SYMBOL_EXTENSIONS = YES;
				CLANG_ANALYZER_NONNULL = YES;
				CLANG_ANALYZER_NUMBER_OBJECT_CONVERSION = YES_AGGRESSIVE;
				CLANG_CXX_LANGUAGE_STANDARD = "gnu++20";
				CLANG_ENABLE_MODULES = YES;
				CLANG_ENABLE_OBJC_ARC = YES;
				CLANG_ENABLE_OBJC_WEAK = YES;
				CLANG_WARN_BLOCK_CAPTURE_AUTORELEASING = YES;
				CLANG_WARN_BOOL_CONVERSION = YES;
				CLANG_WARN_COMMA = YES;
				CLANG_WARN_CONSTANT_CONVERSION = YES;
				CLANG_WARN_DEPRECATED_OBJC_IMPLEMENTATIONS = YES;
				CLANG_WARN_DIRECT_OBJC_ISA_USAGE = YES_ERROR;
				CLANG_WARN_DOCUMENTATION_COMMENTS = YES;
				CLANG_WARN_EMPTY_BODY = YES;
				CLANG_WARN_ENUM_CONVERSION = YES;
				CLANG_WARN_INFINITE_RECURSION = YES;
				CLANG_WARN_INT_CONVERSION = YES;
				CLANG_WARN_NON_LITERAL_NULL_CONVERSION = YES;
				CLANG_WARN_OBJC_IMPLICIT_RETAIN_SELF = YES;
				CLANG_WARN_OBJC_LITERAL_CONVERSION = YES;
				CLANG_WARN_OBJC_ROOT_CLASS = YES_ERROR;
				CLANG_WARN_QUOTED_INCLUDE_IN_FRAMEWORK_HEADER = YES;
				CLANG_WARN_RANGE_LOOP_ANALYSIS = YES;
				CLANG_WARN_STRICT_PROTOTYPES = YES;
				CLANG_WARN_SUSPICIOUS_MOVE = YES;
				CLANG_WARN_UNGUARDED_AVAILABILITY = YES_AGGRESSIVE;
				CLANG_WARN_UNREACHABLE_CODE = YES;
				CLANG_WARN__DUPLICATE_METHOD_MATCH = YES;
				COPY_PHASE_STRIP = NO;
				DEBUG_INFORMATION_FORMAT = dwarf;
				ENABLE_STRICT_OBJC_MSGSEND = YES;
				ENABLE_TESTABILITY = YES;
				ENABLE_USER_SCRIPT_SANDBOXING = YES;
				GCC_C_LANGUAGE_STANDARD = gnu17;
				GCC_DYNAMIC_NO_PIC = NO;
				GCC_NO_COMMON_BLOCKS = YES;
				GCC_OPTIMIZATION_LEVEL = 0;
				GCC_PREPROCESSOR_DEFINITIONS = (
					"DEBUG=1",
					"$(inherited)",
				);
				GCC_WARN_64_TO_32_BIT_CONVERSION = YES;
				GCC_WARN_ABOUT_RETURN_TYPE = YES_ERROR;
				GCC_WARN_UNDECLARED_SELECTOR = YES;
				GCC_WARN_UNINITIALIZED_AUTOS = YES_AGGRESSIVE;
				GCC_WARN_UNUSED_FUNCTION = YES;
				GCC_WARN_UNUSED_VARIABLE = YES;
				IPHONEOS_DEPLOYMENT_TARGET = 17.4;
				LOCALIZATION_PREFERS_STRING_CATALOGS = YES;
				MTL_ENABLE_DEBUG_INFO = INCLUDE_SOURCE;
				MTL_FAST_MATH = YES;
				ONLY_ACTIVE_ARCH = YES;
				SDKROOT = iphoneos;
				SWIFT_ACTIVE_COMPILATION_CONDITIONS = "DEBUG $(inherited)";
				SWIFT_OPTIMIZATION_LEVEL = "-Onone";
			};
			name = Debug;
		};
		F222D1812C3E924600079C3C /* Release */ = {
			isa = XCBuildConfiguration;
			buildSettings = {
				ALWAYS_SEARCH_USER_PATHS = NO;
				ASSETCATALOG_COMPILER_GENERATE_SWIFT_ASSET_SYMBOL_EXTENSIONS = YES;
				CLANG_ANALYZER_NONNULL = YES;
				CLANG_ANALYZER_NUMBER_OBJECT_CONVERSION = YES_AGGRESSIVE;
				CLANG_CXX_LANGUAGE_STANDARD = "gnu++20";
				CLANG_ENABLE_MODULES = YES;
				CLANG_ENABLE_OBJC_ARC = YES;
				CLANG_ENABLE_OBJC_WEAK = YES;
				CLANG_WARN_BLOCK_CAPTURE_AUTORELEASING = YES;
				CLANG_WARN_BOOL_CONVERSION = YES;
				CLANG_WARN_COMMA = YES;
				CLANG_WARN_CONSTANT_CONVERSION = YES;
				CLANG_WARN_DEPRECATED_OBJC_IMPLEMENTATIONS = YES;
				CLANG_WARN_DIRECT_OBJC_ISA_USAGE = YES_ERROR;
				CLANG_WARN_DOCUMENTATION_COMMENTS = YES;
				CLANG_WARN_EMPTY_BODY = YES;
				CLANG_WARN_ENUM_CONVERSION = YES;
				CLANG_WARN_INFINITE_RECURSION = YES;
				CLANG_WARN_INT_CONVERSION = YES;
				CLANG_WARN_NON_LITERAL_NULL_CONVERSION = YES;
				CLANG_WARN_OBJC_IMPLICIT_RETAIN_SELF = YES;
				CLANG_WARN_OBJC_LITERAL_CONVERSION = YES;
				CLANG_WARN_OBJC_ROOT_CLASS = YES_ERROR;
				CLANG_WARN_QUOTED_INCLUDE_IN_FRAMEWORK_HEADER = YES;
				CLANG_WARN_RANGE_LOOP_ANALYSIS = YES;
				CLANG_WARN_STRICT_PROTOTYPES = YES;
				CLANG_WARN_SUSPICIOUS_MOVE = YES;
				CLANG_WARN_UNGUARDED_AVAILABILITY = YES_AGGRESSIVE;
				CLANG_WARN_UNREACHABLE_CODE = YES;
				CLANG_WARN__DUPLICATE_METHOD_MATCH = YES;
				COPY_PHASE_STRIP = NO;
				DEBUG_INFORMATION_FORMAT = "dwarf-with-dsym";
				ENABLE_NS_ASSERTIONS = NO;
				ENABLE_STRICT_OBJC_MSGSEND = YES;
				ENABLE_USER_SCRIPT_SANDBOXING = YES;
				GCC_C_LANGUAGE_STANDARD = gnu17;
				GCC_NO_COMMON_BLOCKS = YES;
				GCC_WARN_64_TO_32_BIT_CONVERSION = YES;
				GCC_WARN_ABOUT_RETURN_TYPE = YES_ERROR;
				GCC_WARN_UNDECLARED_SELECTOR = YES;
				GCC_WARN_UNINITIALIZED_AUTOS = YES_AGGRESSIVE;
				GCC_WARN_UNUSED_FUNCTION = YES;
				GCC_WARN_UNUSED_VARIABLE = YES;
				IPHONEOS_DEPLOYMENT_TARGET = 17.4;
				LOCALIZATION_PREFERS_STRING_CATALOGS = YES;
				MTL_ENABLE_DEBUG_INFO = NO;
				MTL_FAST_MATH = YES;
				SDKROOT = iphoneos;
				SWIFT_COMPILATION_MODE = wholemodule;
				VALIDATE_PRODUCT = YES;
			};
			name = Release;
		};
		F222D1832C3E924600079C3C /* Debug */ = {
			isa = XCBuildConfiguration;
			buildSettings = {
				ASSETCATALOG_COMPILER_APPICON_NAME = AppIcon;
				ASSETCATALOG_COMPILER_GLOBAL_ACCENT_COLOR_NAME = AccentColor;
				CODE_SIGN_STYLE = Automatic;
				CURRENT_PROJECT_VERSION = 1;
				DEVELOPMENT_ASSET_PATHS = "\"Assignment/Preview Content\"";
				ENABLE_PREVIEWS = YES;
				GENERATE_INFOPLIST_FILE = YES;
				INFOPLIST_KEY_UIApplicationSceneManifest_Generation = YES;
				INFOPLIST_KEY_UIApplicationSupportsIndirectInputEvents = YES;
				INFOPLIST_KEY_UILaunchScreen_Generation = YES;
				INFOPLIST_KEY_UISupportedInterfaceOrientations_iPad = "UIInterfaceOrientationPortrait UIInterfaceOrientationPortraitUpsideDown UIInterfaceOrientationLandscapeLeft UIInterfaceOrientationLandscapeRight";
				INFOPLIST_KEY_UISupportedInterfaceOrientations_iPhone = "UIInterfaceOrientationPortrait UIInterfaceOrientationLandscapeLeft UIInterfaceOrientationLandscapeRight";
				LD_RUNPATH_SEARCH_PATHS = (
					"$(inherited)",
					"@executable_path/Frameworks",
				);
				MARKETING_VERSION = 1.0;
				PRODUCT_BUNDLE_IDENTIFIER = xyz.Assignment;
				PRODUCT_NAME = "$(TARGET_NAME)";
				SWIFT_EMIT_LOC_STRINGS = YES;
				SWIFT_VERSION = 5.0;
				TARGETED_DEVICE_FAMILY = "1,2";
			};
			name = Debug;
		};
		F222D1842C3E924600079C3C /* Release */ = {
			isa = XCBuildConfiguration;
			buildSettings = {
				ASSETCATALOG_COMPILER_APPICON_NAME = AppIcon;
				ASSETCATALOG_COMPILER_GLOBAL_ACCENT_COLOR_NAME = AccentColor;
				CODE_SIGN_STYLE = Automatic;
				CURRENT_PROJECT_VERSION = 1;
				DEVELOPMENT_ASSET_PATHS = "\"Assignment/Preview Content\"";
				ENABLE_PREVIEWS = YES;
				GENERATE_INFOPLIST_FILE = YES;
				INFOPLIST_KEY_UIApplicationSceneManifest_Generation = YES;
				INFOPLIST_KEY_UIApplicationSupportsIndirectInputEvents = YES;
				INFOPLIST_KEY_UILaunchScreen_Generation = YES;
				INFOPLIST_KEY_UISupportedInterfaceOrientations_iPad = "UIInterfaceOrientationPortrait UIInterfaceOrientationPortraitUpsideDown UIInterfaceOrientationLandscapeLeft UIInterfaceOrientationLandscapeRight";
				INFOPLIST_KEY_UISupportedInterfaceOrientations_iPhone = "UIInterfaceOrientationPortrait UIInterfaceOrientationLandscapeLeft UIInterfaceOrientationLandscapeRight";
				LD_RUNPATH_SEARCH_PATHS = (
					"$(inherited)",
					"@executable_path/Frameworks",
				);
				MARKETING_VERSION = 1.0;
				PRODUCT_BUNDLE_IDENTIFIER = xyz.Assignment;
				PRODUCT_NAME = "$(TARGET_NAME)";
				SWIFT_EMIT_LOC_STRINGS = YES;
				SWIFT_VERSION = 5.0;
				TARGETED_DEVICE_FAMILY = "1,2";
			};
			name = Release;
		};
/* End XCBuildConfiguration section */

/* Begin XCConfigurationList section */
		F222D16F2C3E923E00079C3C /* Build configuration list for PBXProject "Assignment" */ = {
			isa = XCConfigurationList;
			buildConfigurations = (
				F222D1802C3E924600079C3C /* Debug */,
				F222D1812C3E924600079C3C /* Release */,
			);
			defaultConfigurationIsVisible = 0;
			defaultConfigurationName = Release;
		};
		F222D1822C3E924600079C3C /* Build configuration list for PBXNativeTarget "Assignment" */ = {
			isa = XCConfigurationList;
			buildConfigurations = (
				F222D1832C3E924600079C3C /* Debug */,
				F222D1842C3E924600079C3C /* Release */,
			);
			defaultConfigurationIsVisible = 0;
			defaultConfigurationName = Release;
		};
/* End XCConfigurationList section */
	};
	rootObject = F222D16C2C3E923E00079C3C /* Project object */;
}
